// !$*UTF8*$!
{
	archiveVersion = 1;
	classes = {
	};
	objectVersion = 53;
	objects = {

/* Begin PBXBuildFile section */
		36317E0E2A04E87B00556203 /* GoogleService-Info.plist in Resources */ = {isa = PBXBuildFile; fileRef = 36317E0D2A04E87B00556203 /* GoogleService-Info.plist */; };
		36317E112A04F3A900556203 /* FirebaseAuth in Frameworks */ = {isa = PBXBuildFile; productRef = 36317E102A04F3A900556203 /* FirebaseAuth */; };
		36317E132A04F3A900556203 /* FirebaseFirestore in Frameworks */ = {isa = PBXBuildFile; productRef = 36317E122A04F3A900556203 /* FirebaseFirestore */; };
		36317E152A04F3A900556203 /* FirebaseStorage in Frameworks */ = {isa = PBXBuildFile; productRef = 36317E142A04F3A900556203 /* FirebaseStorage */; };
		36317E172A04FBF400556203 /* AuthService.swift in Sources */ = {isa = PBXBuildFile; fileRef = 36317E162A04FBF400556203 /* AuthService.swift */; };
		36317E1A2A04FCAF00556203 /* RegisterUserRequest.swift in Sources */ = {isa = PBXBuildFile; fileRef = 36317E192A04FCAF00556203 /* RegisterUserRequest.swift */; };
		36317E1D2A0502D600556203 /* LoginUserRequest.swift in Sources */ = {isa = PBXBuildFile; fileRef = 36317E1C2A0502D600556203 /* LoginUserRequest.swift */; };
		3652810B2A09F35800A0F4BA /* account.rtf in Resources */ = {isa = PBXBuildFile; fileRef = 3652810A2A09F35800A0F4BA /* account.rtf */; };
		3652810D2A09F37B00A0F4BA /* doctors.rtf in Resources */ = {isa = PBXBuildFile; fileRef = 3652810C2A09F37B00A0F4BA /* doctors.rtf */; };
		3652810F2A09F38700A0F4BA /* home.rtf in Resources */ = {isa = PBXBuildFile; fileRef = 3652810E2A09F38700A0F4BA /* home.rtf */; };
		36B271E12A025BF900BCD70A /* DoctorsModel.swift in Sources */ = {isa = PBXBuildFile; fileRef = 36B271E02A025BF900BCD70A /* DoctorsModel.swift */; };
		36B271E42A025F8E00BCD70A /* DoctorListViewModel.swift in Sources */ = {isa = PBXBuildFile; fileRef = 36B271E32A025F8E00BCD70A /* DoctorListViewModel.swift */; };
		36B271E82A02838600BCD70A /* ProfileTableCell.swift in Sources */ = {isa = PBXBuildFile; fileRef = 36B271E62A02838600BCD70A /* ProfileTableCell.swift */; };
		36B271E92A02838600BCD70A /* ProfileTableCell.xib in Resources */ = {isa = PBXBuildFile; fileRef = 36B271E72A02838600BCD70A /* ProfileTableCell.xib */; };
		36B271EC2A03540600BCD70A /* SDWebImage in Frameworks */ = {isa = PBXBuildFile; productRef = 36B271EB2A03540600BCD70A /* SDWebImage */; };
		36B271EE2A03AC6000BCD70A /* DokterPenyakitDalamTableCell.swift in Sources */ = {isa = PBXBuildFile; fileRef = 36B271ED2A03AC6000BCD70A /* DokterPenyakitDalamTableCell.swift */; };
		36B271F02A03AD3600BCD70A /* DokterAnakTableCell.swift in Sources */ = {isa = PBXBuildFile; fileRef = 36B271EF2A03AD3600BCD70A /* DokterAnakTableCell.swift */; };
		36B271F62A049B1800BCD70A /* LoginViewController.swift in Sources */ = {isa = PBXBuildFile; fileRef = 36B271F42A049B1800BCD70A /* LoginViewController.swift */; };
		36B271F72A049B1800BCD70A /* LoginViewController.xib in Resources */ = {isa = PBXBuildFile; fileRef = 36B271F52A049B1800BCD70A /* LoginViewController.xib */; };
		36B271FF2A04AA5C00BCD70A /* RegisterViewController.swift in Sources */ = {isa = PBXBuildFile; fileRef = 36B271FD2A04AA5C00BCD70A /* RegisterViewController.swift */; };
		36B272002A04AA5C00BCD70A /* RegisterViewController.xib in Resources */ = {isa = PBXBuildFile; fileRef = 36B271FE2A04AA5C00BCD70A /* RegisterViewController.xib */; };
		36B9B0D12A05FBA30060F8C6 /* Validator.swift in Sources */ = {isa = PBXBuildFile; fileRef = 36B9B0D02A05FBA30060F8C6 /* Validator.swift */; };
		36B9B0D32A0614A80060F8C6 /* AlertManager.swift in Sources */ = {isa = PBXBuildFile; fileRef = 36B9B0D22A0614A80060F8C6 /* AlertManager.swift */; };
		36B9B0D62A06AB350060F8C6 /* MenuTableCell.swift in Sources */ = {isa = PBXBuildFile; fileRef = 36B9B0D42A06AB340060F8C6 /* MenuTableCell.swift */; };
		36B9B0D72A06AB350060F8C6 /* MenuTableCell.xib in Resources */ = {isa = PBXBuildFile; fileRef = 36B9B0D52A06AB350060F8C6 /* MenuTableCell.xib */; };
		36C6458329E5519A0028D074 /* BannerTableCell.swift in Sources */ = {isa = PBXBuildFile; fileRef = 36C6458129E5519A0028D074 /* BannerTableCell.swift */; };
		36C6458429E5519A0028D074 /* BannerTableCell.xib in Resources */ = {isa = PBXBuildFile; fileRef = 36C6458229E5519A0028D074 /* BannerTableCell.xib */; };
		36D9979A29E79CB900C98ADC /* TopTipsTableCell.swift in Sources */ = {isa = PBXBuildFile; fileRef = 36D9979829E79CB900C98ADC /* TopTipsTableCell.swift */; };
		36D9979B29E79CB900C98ADC /* TopTipsTableCell.xib in Resources */ = {isa = PBXBuildFile; fileRef = 36D9979929E79CB900C98ADC /* TopTipsTableCell.xib */; };
		36D9979E29E7B5C600C98ADC /* TopThreeTipsTableCell.swift in Sources */ = {isa = PBXBuildFile; fileRef = 36D9979C29E7B5C600C98ADC /* TopThreeTipsTableCell.swift */; };
		36D9979F29E7B5C600C98ADC /* TopThreeTipsTableCell.xib in Resources */ = {isa = PBXBuildFile; fileRef = 36D9979D29E7B5C600C98ADC /* TopThreeTipsTableCell.xib */; };
		36D997A129E7C40900C98ADC /* TipsCategoriesTableCell.swift in Sources */ = {isa = PBXBuildFile; fileRef = 36D997A029E7C40900C98ADC /* TipsCategoriesTableCell.swift */; };
		36D997A429E7C43C00C98ADC /* TipsCategoriesColCell.swift in Sources */ = {isa = PBXBuildFile; fileRef = 36D997A229E7C43B00C98ADC /* TipsCategoriesColCell.swift */; };
		36D997A529E7C43C00C98ADC /* TipsCategoriesColCell.xib in Resources */ = {isa = PBXBuildFile; fileRef = 36D997A329E7C43B00C98ADC /* TipsCategoriesColCell.xib */; };
		36DD243829DE69C2000A64E2 /* AppDelegate.swift in Sources */ = {isa = PBXBuildFile; fileRef = 36DD243729DE69C2000A64E2 /* AppDelegate.swift */; };
		36DD243A29DE69C2000A64E2 /* SceneDelegate.swift in Sources */ = {isa = PBXBuildFile; fileRef = 36DD243929DE69C2000A64E2 /* SceneDelegate.swift */; };
		36DD243F29DE69C2000A64E2 /* Main.storyboard in Resources */ = {isa = PBXBuildFile; fileRef = 36DD243D29DE69C2000A64E2 /* Main.storyboard */; };
		36DD244129DE69C4000A64E2 /* Assets.xcassets in Resources */ = {isa = PBXBuildFile; fileRef = 36DD244029DE69C4000A64E2 /* Assets.xcassets */; };
		36DD244429DE69C4000A64E2 /* LaunchScreen.storyboard in Resources */ = {isa = PBXBuildFile; fileRef = 36DD244229DE69C4000A64E2 /* LaunchScreen.storyboard */; };
		36DD245429DEAAE6000A64E2 /* ApiService.swift in Sources */ = {isa = PBXBuildFile; fileRef = 36DD245329DEAAE6000A64E2 /* ApiService.swift */; };
		36DD245729E3AB31000A64E2 /* HomeModel.swift in Sources */ = {isa = PBXBuildFile; fileRef = 36DD245629E3AB31000A64E2 /* HomeModel.swift */; };
		36DD245B29E3BD85000A64E2 /* TabBar.swift in Sources */ = {isa = PBXBuildFile; fileRef = 36DD245A29E3BD85000A64E2 /* TabBar.swift */; };
		36DD245D29E3C0BA000A64E2 /* HomeViewController.swift in Sources */ = {isa = PBXBuildFile; fileRef = 36DD245C29E3C0BA000A64E2 /* HomeViewController.swift */; };
		36DD246B29E3F3A1000A64E2 /* TreatmentCategoryColCell.swift in Sources */ = {isa = PBXBuildFile; fileRef = 36DD246929E3F3A1000A64E2 /* TreatmentCategoryColCell.swift */; };
		36DD246C29E3F3A1000A64E2 /* TreatmentCategoryColCell.xib in Resources */ = {isa = PBXBuildFile; fileRef = 36DD246A29E3F3A1000A64E2 /* TreatmentCategoryColCell.xib */; };
		36DD246E29E3F455000A64E2 /* TopMenuTableCell.swift in Sources */ = {isa = PBXBuildFile; fileRef = 36DD246D29E3F455000A64E2 /* TopMenuTableCell.swift */; };
		36DD247529E3F50D000A64E2 /* TopMenuColCell.swift in Sources */ = {isa = PBXBuildFile; fileRef = 36DD247329E3F50D000A64E2 /* TopMenuColCell.swift */; };
		36DD247629E3F50D000A64E2 /* TopMenuColCell.xib in Resources */ = {isa = PBXBuildFile; fileRef = 36DD247429E3F50D000A64E2 /* TopMenuColCell.xib */; };
		36DD248029E3F7C2000A64E2 /* AccountModel.swift in Sources */ = {isa = PBXBuildFile; fileRef = 36DD247F29E3F7C2000A64E2 /* AccountModel.swift */; };
		36DD248229E3F7E4000A64E2 /* AccountViewModel.swift in Sources */ = {isa = PBXBuildFile; fileRef = 36DD248129E3F7E4000A64E2 /* AccountViewModel.swift */; };
		36DD248429E3F806000A64E2 /* AccountViewController.swift in Sources */ = {isa = PBXBuildFile; fileRef = 36DD248329E3F806000A64E2 /* AccountViewController.swift */; };
		36DD248629E3F847000A64E2 /* HomeViewModel.swift in Sources */ = {isa = PBXBuildFile; fileRef = 36DD248529E3F847000A64E2 /* HomeViewModel.swift */; };
		36DD248A29E3F9B3000A64E2 /* DoctorListViewController.swift in Sources */ = {isa = PBXBuildFile; fileRef = 36DD248929E3F9B3000A64E2 /* DoctorListViewController.swift */; };
		36DD248E29E3FA1E000A64E2 /* DoctorDetailViewController.swift in Sources */ = {isa = PBXBuildFile; fileRef = 36DD248D29E3FA1E000A64E2 /* DoctorDetailViewController.swift */; };
		36EEFB8C29E64C8200C00AD1 /* CarouselColCell.swift in Sources */ = {isa = PBXBuildFile; fileRef = 36EEFB8A29E64C8200C00AD1 /* CarouselColCell.swift */; };
		36EEFB8D29E64C8200C00AD1 /* CarouselColCell.xib in Resources */ = {isa = PBXBuildFile; fileRef = 36EEFB8B29E64C8200C00AD1 /* CarouselColCell.xib */; };
		36EEFB8F29E64D6500C00AD1 /* CarouselTableCell.swift in Sources */ = {isa = PBXBuildFile; fileRef = 36EEFB8E29E64D6500C00AD1 /* CarouselTableCell.swift */; };
		36EEFB9529E66A9500C00AD1 /* DokterKandunganTableCell.swift in Sources */ = {isa = PBXBuildFile; fileRef = 36EEFB9429E66A9500C00AD1 /* DokterKandunganTableCell.swift */; };
		36EEFB9829E6735A00C00AD1 /* RoundCorners.swift in Sources */ = {isa = PBXBuildFile; fileRef = 36EEFB9729E6735A00C00AD1 /* RoundCorners.swift */; };
		D23C7A3F29F5708600225256 /* DoctorCardColViewCell.swift in Sources */ = {isa = PBXBuildFile; fileRef = D23C7A3D29F5708600225256 /* DoctorCardColViewCell.swift */; };
		D23C7A4029F5708600225256 /* DoctorCardColViewCell.xib in Resources */ = {isa = PBXBuildFile; fileRef = D23C7A3E29F5708600225256 /* DoctorCardColViewCell.xib */; };
		D23C7A4529F9574200225256 /* HeaderDoctorTableCell.swift in Sources */ = {isa = PBXBuildFile; fileRef = D23C7A4329F9574200225256 /* HeaderDoctorTableCell.swift */; };
		D23C7A4629F9574200225256 /* HeaderDoctorTableCell.xib in Resources */ = {isa = PBXBuildFile; fileRef = D23C7A4429F9574200225256 /* HeaderDoctorTableCell.xib */; };
		D23C7A4929FE0D6B00225256 /* InfoDoctorTableCell.swift in Sources */ = {isa = PBXBuildFile; fileRef = D23C7A4729FE0D6B00225256 /* InfoDoctorTableCell.swift */; };
		D23C7A4A29FE0D6B00225256 /* InfoDoctorTableCell.xib in Resources */ = {isa = PBXBuildFile; fileRef = D23C7A4829FE0D6B00225256 /* InfoDoctorTableCell.xib */; };
		D23C7A4C29FE198900225256 /* SpecializationTableCell.swift in Sources */ = {isa = PBXBuildFile; fileRef = D23C7A4B29FE198900225256 /* SpecializationTableCell.swift */; };
		D23C7A4E29FE3AB600225256 /* ReviewTagTableCell.swift in Sources */ = {isa = PBXBuildFile; fileRef = D23C7A4D29FE3AB600225256 /* ReviewTagTableCell.swift */; };
		D23C7A5529FE52F900225256 /* ReviewTagColCell.swift in Sources */ = {isa = PBXBuildFile; fileRef = D23C7A5329FE52F900225256 /* ReviewTagColCell.swift */; };
		D23C7A5629FE52F900225256 /* ReviewTagColCell.xib in Resources */ = {isa = PBXBuildFile; fileRef = D23C7A5429FE52F900225256 /* ReviewTagColCell.xib */; };
		D23C7A6429FEB42D00225256 /* StarTableCell.swift in Sources */ = {isa = PBXBuildFile; fileRef = D23C7A6229FEB42D00225256 /* StarTableCell.swift */; };
		D23C7A6529FEB42D00225256 /* StarTableCell.xib in Resources */ = {isa = PBXBuildFile; fileRef = D23C7A6329FEB42D00225256 /* StarTableCell.xib */; };
/* End PBXBuildFile section */

/* Begin PBXFileReference section */
		36317E0D2A04E87B00556203 /* GoogleService-Info.plist */ = {isa = PBXFileReference; fileEncoding = 4; lastKnownFileType = text.plist.xml; path = "GoogleService-Info.plist"; sourceTree = "<group>"; };
		36317E162A04FBF400556203 /* AuthService.swift */ = {isa = PBXFileReference; lastKnownFileType = sourcecode.swift; path = AuthService.swift; sourceTree = "<group>"; };
		36317E192A04FCAF00556203 /* RegisterUserRequest.swift */ = {isa = PBXFileReference; lastKnownFileType = sourcecode.swift; path = RegisterUserRequest.swift; sourceTree = "<group>"; };
		36317E1C2A0502D600556203 /* LoginUserRequest.swift */ = {isa = PBXFileReference; lastKnownFileType = sourcecode.swift; path = LoginUserRequest.swift; sourceTree = "<group>"; };
		3652810A2A09F35800A0F4BA /* account.rtf */ = {isa = PBXFileReference; fileEncoding = 4; lastKnownFileType = text.rtf; path = account.rtf; sourceTree = "<group>"; };
		3652810C2A09F37B00A0F4BA /* doctors.rtf */ = {isa = PBXFileReference; fileEncoding = 4; lastKnownFileType = text.rtf; path = doctors.rtf; sourceTree = "<group>"; };
		3652810E2A09F38700A0F4BA /* home.rtf */ = {isa = PBXFileReference; fileEncoding = 4; lastKnownFileType = text.rtf; path = home.rtf; sourceTree = "<group>"; };
		36B271E02A025BF900BCD70A /* DoctorsModel.swift */ = {isa = PBXFileReference; lastKnownFileType = sourcecode.swift; path = DoctorsModel.swift; sourceTree = "<group>"; };
		36B271E32A025F8E00BCD70A /* DoctorListViewModel.swift */ = {isa = PBXFileReference; lastKnownFileType = sourcecode.swift; path = DoctorListViewModel.swift; sourceTree = "<group>"; };
		36B271E62A02838600BCD70A /* ProfileTableCell.swift */ = {isa = PBXFileReference; lastKnownFileType = sourcecode.swift; path = ProfileTableCell.swift; sourceTree = "<group>"; };
		36B271E72A02838600BCD70A /* ProfileTableCell.xib */ = {isa = PBXFileReference; lastKnownFileType = file.xib; path = ProfileTableCell.xib; sourceTree = "<group>"; };
		36B271ED2A03AC6000BCD70A /* DokterPenyakitDalamTableCell.swift */ = {isa = PBXFileReference; lastKnownFileType = sourcecode.swift; path = DokterPenyakitDalamTableCell.swift; sourceTree = "<group>"; };
		36B271EF2A03AD3600BCD70A /* DokterAnakTableCell.swift */ = {isa = PBXFileReference; lastKnownFileType = sourcecode.swift; path = DokterAnakTableCell.swift; sourceTree = "<group>"; };
		36B271F42A049B1800BCD70A /* LoginViewController.swift */ = {isa = PBXFileReference; lastKnownFileType = sourcecode.swift; path = LoginViewController.swift; sourceTree = "<group>"; };
		36B271F52A049B1800BCD70A /* LoginViewController.xib */ = {isa = PBXFileReference; lastKnownFileType = file.xib; path = LoginViewController.xib; sourceTree = "<group>"; };
		36B271FD2A04AA5C00BCD70A /* RegisterViewController.swift */ = {isa = PBXFileReference; lastKnownFileType = sourcecode.swift; path = RegisterViewController.swift; sourceTree = "<group>"; };
		36B271FE2A04AA5C00BCD70A /* RegisterViewController.xib */ = {isa = PBXFileReference; lastKnownFileType = file.xib; path = RegisterViewController.xib; sourceTree = "<group>"; };
		36B9B0D02A05FBA30060F8C6 /* Validator.swift */ = {isa = PBXFileReference; lastKnownFileType = sourcecode.swift; path = Validator.swift; sourceTree = "<group>"; };
		36B9B0D22A0614A80060F8C6 /* AlertManager.swift */ = {isa = PBXFileReference; lastKnownFileType = sourcecode.swift; path = AlertManager.swift; sourceTree = "<group>"; };
		36B9B0D42A06AB340060F8C6 /* MenuTableCell.swift */ = {isa = PBXFileReference; lastKnownFileType = sourcecode.swift; path = MenuTableCell.swift; sourceTree = "<group>"; };
		36B9B0D52A06AB350060F8C6 /* MenuTableCell.xib */ = {isa = PBXFileReference; lastKnownFileType = file.xib; path = MenuTableCell.xib; sourceTree = "<group>"; };
		36C6458129E5519A0028D074 /* BannerTableCell.swift */ = {isa = PBXFileReference; lastKnownFileType = sourcecode.swift; path = BannerTableCell.swift; sourceTree = "<group>"; };
		36C6458229E5519A0028D074 /* BannerTableCell.xib */ = {isa = PBXFileReference; lastKnownFileType = file.xib; path = BannerTableCell.xib; sourceTree = "<group>"; };
		36D9979829E79CB900C98ADC /* TopTipsTableCell.swift */ = {isa = PBXFileReference; lastKnownFileType = sourcecode.swift; path = TopTipsTableCell.swift; sourceTree = "<group>"; };
		36D9979929E79CB900C98ADC /* TopTipsTableCell.xib */ = {isa = PBXFileReference; lastKnownFileType = file.xib; path = TopTipsTableCell.xib; sourceTree = "<group>"; };
		36D9979C29E7B5C600C98ADC /* TopThreeTipsTableCell.swift */ = {isa = PBXFileReference; lastKnownFileType = sourcecode.swift; path = TopThreeTipsTableCell.swift; sourceTree = "<group>"; };
		36D9979D29E7B5C600C98ADC /* TopThreeTipsTableCell.xib */ = {isa = PBXFileReference; lastKnownFileType = file.xib; path = TopThreeTipsTableCell.xib; sourceTree = "<group>"; };
		36D997A029E7C40900C98ADC /* TipsCategoriesTableCell.swift */ = {isa = PBXFileReference; lastKnownFileType = sourcecode.swift; path = TipsCategoriesTableCell.swift; sourceTree = "<group>"; };
		36D997A229E7C43B00C98ADC /* TipsCategoriesColCell.swift */ = {isa = PBXFileReference; lastKnownFileType = sourcecode.swift; path = TipsCategoriesColCell.swift; sourceTree = "<group>"; };
		36D997A329E7C43B00C98ADC /* TipsCategoriesColCell.xib */ = {isa = PBXFileReference; lastKnownFileType = file.xib; path = TipsCategoriesColCell.xib; sourceTree = "<group>"; };
		36DD243429DE69C2000A64E2 /* iOSBootcamp-Final-Project.app */ = {isa = PBXFileReference; explicitFileType = wrapper.application; includeInIndex = 0; path = "iOSBootcamp-Final-Project.app"; sourceTree = BUILT_PRODUCTS_DIR; };
		36DD243729DE69C2000A64E2 /* AppDelegate.swift */ = {isa = PBXFileReference; lastKnownFileType = sourcecode.swift; path = AppDelegate.swift; sourceTree = "<group>"; };
		36DD243929DE69C2000A64E2 /* SceneDelegate.swift */ = {isa = PBXFileReference; lastKnownFileType = sourcecode.swift; path = SceneDelegate.swift; sourceTree = "<group>"; };
		36DD243E29DE69C2000A64E2 /* Base */ = {isa = PBXFileReference; lastKnownFileType = file.storyboard; name = Base; path = Base.lproj/Main.storyboard; sourceTree = "<group>"; };
		36DD244029DE69C4000A64E2 /* Assets.xcassets */ = {isa = PBXFileReference; lastKnownFileType = folder.assetcatalog; path = Assets.xcassets; sourceTree = "<group>"; };
		36DD244329DE69C4000A64E2 /* Base */ = {isa = PBXFileReference; lastKnownFileType = file.storyboard; name = Base; path = Base.lproj/LaunchScreen.storyboard; sourceTree = "<group>"; };
		36DD244529DE69C4000A64E2 /* Info.plist */ = {isa = PBXFileReference; lastKnownFileType = text.plist.xml; path = Info.plist; sourceTree = "<group>"; };
		36DD245329DEAAE6000A64E2 /* ApiService.swift */ = {isa = PBXFileReference; lastKnownFileType = sourcecode.swift; path = ApiService.swift; sourceTree = "<group>"; };
		36DD245629E3AB31000A64E2 /* HomeModel.swift */ = {isa = PBXFileReference; lastKnownFileType = sourcecode.swift; path = HomeModel.swift; sourceTree = "<group>"; };
		36DD245A29E3BD85000A64E2 /* TabBar.swift */ = {isa = PBXFileReference; lastKnownFileType = sourcecode.swift; path = TabBar.swift; sourceTree = "<group>"; };
		36DD245C29E3C0BA000A64E2 /* HomeViewController.swift */ = {isa = PBXFileReference; lastKnownFileType = sourcecode.swift; path = HomeViewController.swift; sourceTree = "<group>"; };
		36DD246929E3F3A1000A64E2 /* TreatmentCategoryColCell.swift */ = {isa = PBXFileReference; lastKnownFileType = sourcecode.swift; path = TreatmentCategoryColCell.swift; sourceTree = "<group>"; };
		36DD246A29E3F3A1000A64E2 /* TreatmentCategoryColCell.xib */ = {isa = PBXFileReference; lastKnownFileType = file.xib; path = TreatmentCategoryColCell.xib; sourceTree = "<group>"; };
		36DD246D29E3F455000A64E2 /* TopMenuTableCell.swift */ = {isa = PBXFileReference; lastKnownFileType = sourcecode.swift; path = TopMenuTableCell.swift; sourceTree = "<group>"; };
		36DD247329E3F50D000A64E2 /* TopMenuColCell.swift */ = {isa = PBXFileReference; lastKnownFileType = sourcecode.swift; path = TopMenuColCell.swift; sourceTree = "<group>"; };
		36DD247429E3F50D000A64E2 /* TopMenuColCell.xib */ = {isa = PBXFileReference; lastKnownFileType = file.xib; path = TopMenuColCell.xib; sourceTree = "<group>"; };
		36DD247F29E3F7C2000A64E2 /* AccountModel.swift */ = {isa = PBXFileReference; lastKnownFileType = sourcecode.swift; path = AccountModel.swift; sourceTree = "<group>"; };
		36DD248129E3F7E4000A64E2 /* AccountViewModel.swift */ = {isa = PBXFileReference; lastKnownFileType = sourcecode.swift; path = AccountViewModel.swift; sourceTree = "<group>"; };
		36DD248329E3F806000A64E2 /* AccountViewController.swift */ = {isa = PBXFileReference; lastKnownFileType = sourcecode.swift; path = AccountViewController.swift; sourceTree = "<group>"; };
		36DD248529E3F847000A64E2 /* HomeViewModel.swift */ = {isa = PBXFileReference; lastKnownFileType = sourcecode.swift; path = HomeViewModel.swift; sourceTree = "<group>"; };
		36DD248929E3F9B3000A64E2 /* DoctorListViewController.swift */ = {isa = PBXFileReference; lastKnownFileType = sourcecode.swift; path = DoctorListViewController.swift; sourceTree = "<group>"; };
		36DD248D29E3FA1E000A64E2 /* DoctorDetailViewController.swift */ = {isa = PBXFileReference; lastKnownFileType = sourcecode.swift; path = DoctorDetailViewController.swift; sourceTree = "<group>"; };
		36EEFB8A29E64C8200C00AD1 /* CarouselColCell.swift */ = {isa = PBXFileReference; lastKnownFileType = sourcecode.swift; path = CarouselColCell.swift; sourceTree = "<group>"; };
		36EEFB8B29E64C8200C00AD1 /* CarouselColCell.xib */ = {isa = PBXFileReference; lastKnownFileType = file.xib; path = CarouselColCell.xib; sourceTree = "<group>"; };
		36EEFB8E29E64D6500C00AD1 /* CarouselTableCell.swift */ = {isa = PBXFileReference; lastKnownFileType = sourcecode.swift; path = CarouselTableCell.swift; sourceTree = "<group>"; };
		36EEFB9429E66A9500C00AD1 /* DokterKandunganTableCell.swift */ = {isa = PBXFileReference; lastKnownFileType = sourcecode.swift; path = DokterKandunganTableCell.swift; sourceTree = "<group>"; };
		36EEFB9729E6735A00C00AD1 /* RoundCorners.swift */ = {isa = PBXFileReference; lastKnownFileType = sourcecode.swift; path = RoundCorners.swift; sourceTree = "<group>"; };
		D23C7A3D29F5708600225256 /* DoctorCardColViewCell.swift */ = {isa = PBXFileReference; lastKnownFileType = sourcecode.swift; path = DoctorCardColViewCell.swift; sourceTree = "<group>"; };
		D23C7A3E29F5708600225256 /* DoctorCardColViewCell.xib */ = {isa = PBXFileReference; lastKnownFileType = file.xib; path = DoctorCardColViewCell.xib; sourceTree = "<group>"; };
		D23C7A4329F9574200225256 /* HeaderDoctorTableCell.swift */ = {isa = PBXFileReference; lastKnownFileType = sourcecode.swift; path = HeaderDoctorTableCell.swift; sourceTree = "<group>"; };
		D23C7A4429F9574200225256 /* HeaderDoctorTableCell.xib */ = {isa = PBXFileReference; lastKnownFileType = file.xib; path = HeaderDoctorTableCell.xib; sourceTree = "<group>"; };
		D23C7A4729FE0D6B00225256 /* InfoDoctorTableCell.swift */ = {isa = PBXFileReference; lastKnownFileType = sourcecode.swift; path = InfoDoctorTableCell.swift; sourceTree = "<group>"; };
		D23C7A4829FE0D6B00225256 /* InfoDoctorTableCell.xib */ = {isa = PBXFileReference; lastKnownFileType = file.xib; path = InfoDoctorTableCell.xib; sourceTree = "<group>"; };
		D23C7A4B29FE198900225256 /* SpecializationTableCell.swift */ = {isa = PBXFileReference; lastKnownFileType = sourcecode.swift; path = SpecializationTableCell.swift; sourceTree = "<group>"; };
		D23C7A4D29FE3AB600225256 /* ReviewTagTableCell.swift */ = {isa = PBXFileReference; lastKnownFileType = sourcecode.swift; path = ReviewTagTableCell.swift; sourceTree = "<group>"; };
		D23C7A5329FE52F900225256 /* ReviewTagColCell.swift */ = {isa = PBXFileReference; lastKnownFileType = sourcecode.swift; path = ReviewTagColCell.swift; sourceTree = "<group>"; };
		D23C7A5429FE52F900225256 /* ReviewTagColCell.xib */ = {isa = PBXFileReference; lastKnownFileType = file.xib; path = ReviewTagColCell.xib; sourceTree = "<group>"; };
		D23C7A6229FEB42D00225256 /* StarTableCell.swift */ = {isa = PBXFileReference; lastKnownFileType = sourcecode.swift; path = StarTableCell.swift; sourceTree = "<group>"; };
		D23C7A6329FEB42D00225256 /* StarTableCell.xib */ = {isa = PBXFileReference; lastKnownFileType = file.xib; path = StarTableCell.xib; sourceTree = "<group>"; };
/* End PBXFileReference section */

/* Begin PBXFrameworksBuildPhase section */
		36DD243129DE69C2000A64E2 /* Frameworks */ = {
			isa = PBXFrameworksBuildPhase;
			buildActionMask = 2147483647;
			files = (
				36B271EC2A03540600BCD70A /* SDWebImage in Frameworks */,
				36317E152A04F3A900556203 /* FirebaseStorage in Frameworks */,
				36317E112A04F3A900556203 /* FirebaseAuth in Frameworks */,
				36317E132A04F3A900556203 /* FirebaseFirestore in Frameworks */,
			);
			runOnlyForDeploymentPostprocessing = 0;
		};
/* End PBXFrameworksBuildPhase section */

/* Begin PBXGroup section */
		36317E182A04FC7D00556203 /* Model */ = {
			isa = PBXGroup;
			children = (
				36317E192A04FCAF00556203 /* RegisterUserRequest.swift */,
			);
			path = Model;
			sourceTree = "<group>";
		};
		36317E1B2A0502BD00556203 /* Model */ = {
			isa = PBXGroup;
			children = (
				36317E1C2A0502D600556203 /* LoginUserRequest.swift */,
			);
			path = Model;
			sourceTree = "<group>";
		};
		365281092A09F2AA00A0F4BA /* JsonForAPI */ = {
			isa = PBXGroup;
			children = (
				3652810E2A09F38700A0F4BA /* home.rtf */,
				3652810C2A09F37B00A0F4BA /* doctors.rtf */,
				3652810A2A09F35800A0F4BA /* account.rtf */,
			);
			path = JsonForAPI;
			sourceTree = "<group>";
		};
		36B271DF2A025A8900BCD70A /* Model */ = {
			isa = PBXGroup;
			children = (
				36B271E02A025BF900BCD70A /* DoctorsModel.swift */,
			);
			path = Model;
			sourceTree = "<group>";
		};
		36B271E22A025F6700BCD70A /* ViewModel */ = {
			isa = PBXGroup;
			children = (
				36B271E32A025F8E00BCD70A /* DoctorListViewModel.swift */,
			);
			path = ViewModel;
			sourceTree = "<group>";
		};
		36B271E52A0281F000BCD70A /* Components */ = {
			isa = PBXGroup;
			children = (
				36B271E62A02838600BCD70A /* ProfileTableCell.swift */,
				36B271E72A02838600BCD70A /* ProfileTableCell.xib */,
				36B9B0D42A06AB340060F8C6 /* MenuTableCell.swift */,
				36B9B0D52A06AB350060F8C6 /* MenuTableCell.xib */,
			);
			path = Components;
			sourceTree = "<group>";
		};
		36B271F12A049A6700BCD70A /* Login */ = {
			isa = PBXGroup;
			children = (
				36B271F32A049ABF00BCD70A /* View */,
				36317E1B2A0502BD00556203 /* Model */,
			);
			path = Login;
			sourceTree = "<group>";
		};
		36B271F22A049A7000BCD70A /* Register */ = {
			isa = PBXGroup;
			children = (
				36B271FC2A04AA3200BCD70A /* View */,
				36317E182A04FC7D00556203 /* Model */,
			);
			path = Register;
			sourceTree = "<group>";
		};
		36B271F32A049ABF00BCD70A /* View */ = {
			isa = PBXGroup;
			children = (
				36B271F42A049B1800BCD70A /* LoginViewController.swift */,
				36B271F52A049B1800BCD70A /* LoginViewController.xib */,
			);
			path = View;
			sourceTree = "<group>";
		};
		36B271FC2A04AA3200BCD70A /* View */ = {
			isa = PBXGroup;
			children = (
				36B271FD2A04AA5C00BCD70A /* RegisterViewController.swift */,
				36B271FE2A04AA5C00BCD70A /* RegisterViewController.xib */,
			);
			path = View;
			sourceTree = "<group>";
		};
		36B9B0CF2A05FB2A0060F8C6 /* Supporting */ = {
			isa = PBXGroup;
			children = (
				36DD244029DE69C4000A64E2 /* Assets.xcassets */,
				36B9B0D02A05FBA30060F8C6 /* Validator.swift */,
				36B9B0D22A0614A80060F8C6 /* AlertManager.swift */,
				36EEFB9729E6735A00C00AD1 /* RoundCorners.swift */,
			);
			path = Supporting;
			sourceTree = "<group>";
		};
		36D9979529E794AC00C98ADC /* TopTipsTableCell */ = {
			isa = PBXGroup;
			children = (
				36D9979829E79CB900C98ADC /* TopTipsTableCell.swift */,
				36D9979929E79CB900C98ADC /* TopTipsTableCell.xib */,
			);
			path = TopTipsTableCell;
			sourceTree = "<group>";
		};
		36D9979629E794BF00C98ADC /* TopThreeTipsTableCell */ = {
			isa = PBXGroup;
			children = (
				36D9979C29E7B5C600C98ADC /* TopThreeTipsTableCell.swift */,
				36D9979D29E7B5C600C98ADC /* TopThreeTipsTableCell.xib */,
			);
			path = TopThreeTipsTableCell;
			sourceTree = "<group>";
		};
		36D9979729E794DC00C98ADC /* TipsCategoriesTableCell */ = {
			isa = PBXGroup;
			children = (
				36D997A029E7C40900C98ADC /* TipsCategoriesTableCell.swift */,
				36D997A229E7C43B00C98ADC /* TipsCategoriesColCell.swift */,
				36D997A329E7C43B00C98ADC /* TipsCategoriesColCell.xib */,
			);
			path = TipsCategoriesTableCell;
			sourceTree = "<group>";
		};
		36DD242B29DE69C2000A64E2 = {
			isa = PBXGroup;
			children = (
				36DD243629DE69C2000A64E2 /* iOSBootcamp-Final-Project */,
				36DD243529DE69C2000A64E2 /* Products */,
			);
			sourceTree = "<group>";
		};
		36DD243529DE69C2000A64E2 /* Products */ = {
			isa = PBXGroup;
			children = (
				36DD243429DE69C2000A64E2 /* iOSBootcamp-Final-Project.app */,
			);
			name = Products;
			sourceTree = "<group>";
		};
		36DD243629DE69C2000A64E2 /* iOSBootcamp-Final-Project */ = {
			isa = PBXGroup;
			children = (
				36DD244E29DEA979000A64E2 /* Core */,
				36DD244D29DEA951000A64E2 /* Storyboard */,
				36DD244C29DEA949000A64E2 /* Module */,
				36DD244B29DEA940000A64E2 /* Networking */,
				36B9B0CF2A05FB2A0060F8C6 /* Supporting */,
				365281092A09F2AA00A0F4BA /* JsonForAPI */,
				36317E0D2A04E87B00556203 /* GoogleService-Info.plist */,
				36DD244529DE69C4000A64E2 /* Info.plist */,
			);
			path = "iOSBootcamp-Final-Project";
			sourceTree = "<group>";
		};
		36DD244B29DEA940000A64E2 /* Networking */ = {
			isa = PBXGroup;
			children = (
				36DD245329DEAAE6000A64E2 /* ApiService.swift */,
				36317E162A04FBF400556203 /* AuthService.swift */,
			);
			path = Networking;
			sourceTree = "<group>";
		};
		36DD244C29DEA949000A64E2 /* Module */ = {
			isa = PBXGroup;
			children = (
				36B271F22A049A7000BCD70A /* Register */,
				36B271F12A049A6700BCD70A /* Login */,
				36DD245029DEA9CD000A64E2 /* Home */,
				36DD248729E3F947000A64E2 /* DoctorList */,
				36DD248B29E3F9DA000A64E2 /* DoctorDetail */,
				36DD247729E3F61A000A64E2 /* Account */,
			);
			path = Module;
			sourceTree = "<group>";
		};
		36DD244D29DEA951000A64E2 /* Storyboard */ = {
			isa = PBXGroup;
			children = (
				36DD243D29DE69C2000A64E2 /* Main.storyboard */,
				36DD244229DE69C4000A64E2 /* LaunchScreen.storyboard */,
			);
			path = Storyboard;
			sourceTree = "<group>";
		};
		36DD244E29DEA979000A64E2 /* Core */ = {
			isa = PBXGroup;
			children = (
				36DD243929DE69C2000A64E2 /* SceneDelegate.swift */,
				36DD243729DE69C2000A64E2 /* AppDelegate.swift */,
				36DD245A29E3BD85000A64E2 /* TabBar.swift */,
			);
			path = Core;
			sourceTree = "<group>";
		};
		36DD245029DEA9CD000A64E2 /* Home */ = {
			isa = PBXGroup;
			children = (
				36DD245929E3AB43000A64E2 /* View */,
				36DD245829E3AB37000A64E2 /* ViewModel */,
				36DD245529E3AB1F000A64E2 /* Model */,
			);
			path = Home;
			sourceTree = "<group>";
		};
		36DD245529E3AB1F000A64E2 /* Model */ = {
			isa = PBXGroup;
			children = (
				36DD245629E3AB31000A64E2 /* HomeModel.swift */,
			);
			path = Model;
			sourceTree = "<group>";
		};
		36DD245829E3AB37000A64E2 /* ViewModel */ = {
			isa = PBXGroup;
			children = (
				36DD248529E3F847000A64E2 /* HomeViewModel.swift */,
			);
			path = ViewModel;
			sourceTree = "<group>";
		};
		36DD245929E3AB43000A64E2 /* View */ = {
			isa = PBXGroup;
			children = (
				36DD246329E3F16D000A64E2 /* Controller */,
				36DD245E29E3D471000A64E2 /* Components */,
			);
			path = View;
			sourceTree = "<group>";
		};
		36DD245E29E3D471000A64E2 /* Components */ = {
			isa = PBXGroup;
			children = (
				36DD246029E3EED1000A64E2 /* TopMenuCell */,
				36DD246129E3F0EF000A64E2 /* SingleBannerCell */,
				36EEFB8629E64B8300C00AD1 /* CarouselCell */,
				36DD245F29E3D517000A64E2 /* TreatmentCategoryCell */,
				36EEFB9929E69E1400C00AD1 /* TipsCell */,
			);
			path = Components;
			sourceTree = "<group>";
		};
		36DD245F29E3D517000A64E2 /* TreatmentCategoryCell */ = {
			isa = PBXGroup;
			children = (
				36EEFB9429E66A9500C00AD1 /* DokterKandunganTableCell.swift */,
				36B271ED2A03AC6000BCD70A /* DokterPenyakitDalamTableCell.swift */,
				36B271EF2A03AD3600BCD70A /* DokterAnakTableCell.swift */,
				36DD246829E3F348000A64E2 /* ReusableColCell */,
			);
			path = TreatmentCategoryCell;
			sourceTree = "<group>";
		};
		36DD246029E3EED1000A64E2 /* TopMenuCell */ = {
			isa = PBXGroup;
			children = (
				36DD246D29E3F455000A64E2 /* TopMenuTableCell.swift */,
				36DD247329E3F50D000A64E2 /* TopMenuColCell.swift */,
				36DD247429E3F50D000A64E2 /* TopMenuColCell.xib */,
			);
			path = TopMenuCell;
			sourceTree = "<group>";
		};
		36DD246129E3F0EF000A64E2 /* SingleBannerCell */ = {
			isa = PBXGroup;
			children = (
				36C6458129E5519A0028D074 /* BannerTableCell.swift */,
				36C6458229E5519A0028D074 /* BannerTableCell.xib */,
			);
			path = SingleBannerCell;
			sourceTree = "<group>";
		};
		36DD246329E3F16D000A64E2 /* Controller */ = {
			isa = PBXGroup;
			children = (
				36DD245C29E3C0BA000A64E2 /* HomeViewController.swift */,
			);
			path = Controller;
			sourceTree = "<group>";
		};
		36DD246829E3F348000A64E2 /* ReusableColCell */ = {
			isa = PBXGroup;
			children = (
				36DD246929E3F3A1000A64E2 /* TreatmentCategoryColCell.swift */,
				36DD246A29E3F3A1000A64E2 /* TreatmentCategoryColCell.xib */,
			);
			path = ReusableColCell;
			sourceTree = "<group>";
		};
		36DD247729E3F61A000A64E2 /* Account */ = {
			isa = PBXGroup;
			children = (
				36DD247C29E3F76B000A64E2 /* View */,
				36DD247B29E3F761000A64E2 /* ViewModel */,
				36DD247A29E3F758000A64E2 /* Model */,
			);
			path = Account;
			sourceTree = "<group>";
		};
		36DD247A29E3F758000A64E2 /* Model */ = {
			isa = PBXGroup;
			children = (
				36DD247F29E3F7C2000A64E2 /* AccountModel.swift */,
			);
			path = Model;
			sourceTree = "<group>";
		};
		36DD247B29E3F761000A64E2 /* ViewModel */ = {
			isa = PBXGroup;
			children = (
				36DD248129E3F7E4000A64E2 /* AccountViewModel.swift */,
			);
			path = ViewModel;
			sourceTree = "<group>";
		};
		36DD247C29E3F76B000A64E2 /* View */ = {
			isa = PBXGroup;
			children = (
				36DD247D29E3F77B000A64E2 /* Controller */,
				36B271E52A0281F000BCD70A /* Components */,
			);
			path = View;
			sourceTree = "<group>";
		};
		36DD247D29E3F77B000A64E2 /* Controller */ = {
			isa = PBXGroup;
			children = (
				36DD248329E3F806000A64E2 /* AccountViewController.swift */,
			);
			path = Controller;
			sourceTree = "<group>";
		};
		36DD248729E3F947000A64E2 /* DoctorList */ = {
			isa = PBXGroup;
			children = (
				D23C7A3B29F56FFC00225256 /* View */,
				36B271DF2A025A8900BCD70A /* Model */,
				36B271E22A025F6700BCD70A /* ViewModel */,
			);
			path = DoctorList;
			sourceTree = "<group>";
		};
		36DD248829E3F997000A64E2 /* Controller */ = {
			isa = PBXGroup;
			children = (
				36DD248929E3F9B3000A64E2 /* DoctorListViewController.swift */,
			);
			path = Controller;
			sourceTree = "<group>";
		};
		36DD248B29E3F9DA000A64E2 /* DoctorDetail */ = {
			isa = PBXGroup;
			children = (
				D23C7A4129F9566A00225256 /* View */,
			);
			path = DoctorDetail;
			sourceTree = "<group>";
		};
		36DD248C29E3F9FB000A64E2 /* Controller */ = {
			isa = PBXGroup;
			children = (
				36DD248D29E3FA1E000A64E2 /* DoctorDetailViewController.swift */,
			);
			path = Controller;
			sourceTree = "<group>";
		};
		36EEFB8629E64B8300C00AD1 /* CarouselCell */ = {
			isa = PBXGroup;
			children = (
				36EEFB8E29E64D6500C00AD1 /* CarouselTableCell.swift */,
				36EEFB8A29E64C8200C00AD1 /* CarouselColCell.swift */,
				36EEFB8B29E64C8200C00AD1 /* CarouselColCell.xib */,
			);
			path = CarouselCell;
			sourceTree = "<group>";
		};
		36EEFB9929E69E1400C00AD1 /* TipsCell */ = {
			isa = PBXGroup;
			children = (
				36D9979729E794DC00C98ADC /* TipsCategoriesTableCell */,
				36D9979629E794BF00C98ADC /* TopThreeTipsTableCell */,
				36D9979529E794AC00C98ADC /* TopTipsTableCell */,
			);
			path = TipsCell;
			sourceTree = "<group>";
		};
		D23C7A3B29F56FFC00225256 /* View */ = {
			isa = PBXGroup;
			children = (
				36DD248829E3F997000A64E2 /* Controller */,
				D23C7A3C29F5700C00225256 /* Components */,
			);
			path = View;
			sourceTree = "<group>";
		};
		D23C7A3C29F5700C00225256 /* Components */ = {
			isa = PBXGroup;
			children = (
				D23C7A3D29F5708600225256 /* DoctorCardColViewCell.swift */,
				D23C7A3E29F5708600225256 /* DoctorCardColViewCell.xib */,
			);
			path = Components;
			sourceTree = "<group>";
		};
		D23C7A4129F9566A00225256 /* View */ = {
			isa = PBXGroup;
			children = (
				36DD248C29E3F9FB000A64E2 /* Controller */,
				D23C7A4229F9567B00225256 /* Components */,
			);
			path = View;
			sourceTree = "<group>";
		};
		D23C7A4229F9567B00225256 /* Components */ = {
			isa = PBXGroup;
			children = (
				D23C7A4F29FE522100225256 /* HeaderCell */,
				D23C7A5029FE523300225256 /* InfoCell */,
				D23C7A5229FE526600225256 /* SpecializationCell */,
				D23C7A5129FE524F00225256 /* ReviewCell */,
			);
			path = Components;
			sourceTree = "<group>";
		};
		D23C7A4F29FE522100225256 /* HeaderCell */ = {
			isa = PBXGroup;
			children = (
				D23C7A4329F9574200225256 /* HeaderDoctorTableCell.swift */,
				D23C7A4429F9574200225256 /* HeaderDoctorTableCell.xib */,
			);
			path = HeaderCell;
			sourceTree = "<group>";
		};
		D23C7A5029FE523300225256 /* InfoCell */ = {
			isa = PBXGroup;
			children = (
				D23C7A4729FE0D6B00225256 /* InfoDoctorTableCell.swift */,
				D23C7A4829FE0D6B00225256 /* InfoDoctorTableCell.xib */,
			);
			path = InfoCell;
			sourceTree = "<group>";
		};
		D23C7A5129FE524F00225256 /* ReviewCell */ = {
			isa = PBXGroup;
			children = (
				D23C7A5B29FEB2B600225256 /* StarCell */,
				D23C7A5C29FEB2C900225256 /* ReviewTagCell */,
			);
			path = ReviewCell;
			sourceTree = "<group>";
		};
		D23C7A5229FE526600225256 /* SpecializationCell */ = {
			isa = PBXGroup;
			children = (
				D23C7A4B29FE198900225256 /* SpecializationTableCell.swift */,
			);
			path = SpecializationCell;
			sourceTree = "<group>";
		};
		D23C7A5B29FEB2B600225256 /* StarCell */ = {
			isa = PBXGroup;
			children = (
				D23C7A6229FEB42D00225256 /* StarTableCell.swift */,
				D23C7A6329FEB42D00225256 /* StarTableCell.xib */,
			);
			path = StarCell;
			sourceTree = "<group>";
		};
		D23C7A5C29FEB2C900225256 /* ReviewTagCell */ = {
			isa = PBXGroup;
			children = (
				D23C7A4D29FE3AB600225256 /* ReviewTagTableCell.swift */,
				D23C7A5329FE52F900225256 /* ReviewTagColCell.swift */,
				D23C7A5429FE52F900225256 /* ReviewTagColCell.xib */,
			);
			path = ReviewTagCell;
			sourceTree = "<group>";
		};
/* End PBXGroup section */

/* Begin PBXNativeTarget section */
		36DD243329DE69C2000A64E2 /* iOSBootcamp-Final-Project */ = {
			isa = PBXNativeTarget;
			buildConfigurationList = 36DD244829DE69C4000A64E2 /* Build configuration list for PBXNativeTarget "iOSBootcamp-Final-Project" */;
			buildPhases = (
				36DD243029DE69C2000A64E2 /* Sources */,
				36DD243129DE69C2000A64E2 /* Frameworks */,
				36DD243229DE69C2000A64E2 /* Resources */,
			);
			buildRules = (
			);
			dependencies = (
			);
			name = "iOSBootcamp-Final-Project";
			packageProductDependencies = (
				36B271EB2A03540600BCD70A /* SDWebImage */,
				36317E102A04F3A900556203 /* FirebaseAuth */,
				36317E122A04F3A900556203 /* FirebaseFirestore */,
				36317E142A04F3A900556203 /* FirebaseStorage */,
			);
			productName = "iOSBootcamp-Final-Project";
			productReference = 36DD243429DE69C2000A64E2 /* iOSBootcamp-Final-Project.app */;
			productType = "com.apple.product-type.application";
		};
/* End PBXNativeTarget section */

/* Begin PBXProject section */
		36DD242C29DE69C2000A64E2 /* Project object */ = {
			isa = PBXProject;
			attributes = {
				BuildIndependentTargetsInParallel = 1;
				LastSwiftUpdateCheck = 1340;
				LastUpgradeCheck = 1340;
				TargetAttributes = {
					36DD243329DE69C2000A64E2 = {
						CreatedOnToolsVersion = 13.4.1;
					};
				};
			};
			buildConfigurationList = 36DD242F29DE69C2000A64E2 /* Build configuration list for PBXProject "iOSBootcamp-Final-Project" */;
			compatibilityVersion = "Xcode 11.0";
			developmentRegion = en;
			hasScannedForEncodings = 0;
			knownRegions = (
				en,
				Base,
			);
			mainGroup = 36DD242B29DE69C2000A64E2;
			packageReferences = (
				36B271EA2A03540600BCD70A /* XCRemoteSwiftPackageReference "SDWebImage" */,
				36317E0F2A04F3A900556203 /* XCRemoteSwiftPackageReference "firebase-ios-sdk" */,
			);
			productRefGroup = 36DD243529DE69C2000A64E2 /* Products */;
			projectDirPath = "";
			projectRoot = "";
			targets = (
				36DD243329DE69C2000A64E2 /* iOSBootcamp-Final-Project */,
			);
		};
/* End PBXProject section */

/* Begin PBXResourcesBuildPhase section */
		36DD243229DE69C2000A64E2 /* Resources */ = {
			isa = PBXResourcesBuildPhase;
			buildActionMask = 2147483647;
			files = (
				D23C7A4A29FE0D6B00225256 /* InfoDoctorTableCell.xib in Resources */,
				D23C7A5629FE52F900225256 /* ReviewTagColCell.xib in Resources */,
				36D9979B29E79CB900C98ADC /* TopTipsTableCell.xib in Resources */,
				36B9B0D72A06AB350060F8C6 /* MenuTableCell.xib in Resources */,
				36C6458429E5519A0028D074 /* BannerTableCell.xib in Resources */,
				D23C7A6529FEB42D00225256 /* StarTableCell.xib in Resources */,
				36B272002A04AA5C00BCD70A /* RegisterViewController.xib in Resources */,
				36DD244429DE69C4000A64E2 /* LaunchScreen.storyboard in Resources */,
				36DD246C29E3F3A1000A64E2 /* TreatmentCategoryColCell.xib in Resources */,
				3652810F2A09F38700A0F4BA /* home.rtf in Resources */,
				36D997A529E7C43C00C98ADC /* TipsCategoriesColCell.xib in Resources */,
				36B271F72A049B1800BCD70A /* LoginViewController.xib in Resources */,
				3652810D2A09F37B00A0F4BA /* doctors.rtf in Resources */,
				36DD244129DE69C4000A64E2 /* Assets.xcassets in Resources */,
				36317E0E2A04E87B00556203 /* GoogleService-Info.plist in Resources */,
				3652810B2A09F35800A0F4BA /* account.rtf in Resources */,
				36DD243F29DE69C2000A64E2 /* Main.storyboard in Resources */,
				36DD247629E3F50D000A64E2 /* TopMenuColCell.xib in Resources */,
				36EEFB8D29E64C8200C00AD1 /* CarouselColCell.xib in Resources */,
				D23C7A4629F9574200225256 /* HeaderDoctorTableCell.xib in Resources */,
				D23C7A4029F5708600225256 /* DoctorCardColViewCell.xib in Resources */,
				36B271E92A02838600BCD70A /* ProfileTableCell.xib in Resources */,
				36D9979F29E7B5C600C98ADC /* TopThreeTipsTableCell.xib in Resources */,
			);
			runOnlyForDeploymentPostprocessing = 0;
		};
/* End PBXResourcesBuildPhase section */

/* Begin PBXSourcesBuildPhase section */
		36DD243029DE69C2000A64E2 /* Sources */ = {
			isa = PBXSourcesBuildPhase;
			buildActionMask = 2147483647;
			files = (
				36DD248E29E3FA1E000A64E2 /* DoctorDetailViewController.swift in Sources */,
				36DD243829DE69C2000A64E2 /* AppDelegate.swift in Sources */,
				36DD246E29E3F455000A64E2 /* TopMenuTableCell.swift in Sources */,
				36DD248A29E3F9B3000A64E2 /* DoctorListViewController.swift in Sources */,
				36B9B0D12A05FBA30060F8C6 /* Validator.swift in Sources */,
				36DD248429E3F806000A64E2 /* AccountViewController.swift in Sources */,
				D23C7A4529F9574200225256 /* HeaderDoctorTableCell.swift in Sources */,
				36317E172A04FBF400556203 /* AuthService.swift in Sources */,
				36B271E82A02838600BCD70A /* ProfileTableCell.swift in Sources */,
				36D9979E29E7B5C600C98ADC /* TopThreeTipsTableCell.swift in Sources */,
				36B271F02A03AD3600BCD70A /* DokterAnakTableCell.swift in Sources */,
				36DD243A29DE69C2000A64E2 /* SceneDelegate.swift in Sources */,
				36B271E42A025F8E00BCD70A /* DoctorListViewModel.swift in Sources */,
				36DD246B29E3F3A1000A64E2 /* TreatmentCategoryColCell.swift in Sources */,
				36DD245429DEAAE6000A64E2 /* ApiService.swift in Sources */,
				36B9B0D62A06AB350060F8C6 /* MenuTableCell.swift in Sources */,
				36B271EE2A03AC6000BCD70A /* DokterPenyakitDalamTableCell.swift in Sources */,
				36EEFB8F29E64D6500C00AD1 /* CarouselTableCell.swift in Sources */,
				36DD247529E3F50D000A64E2 /* TopMenuColCell.swift in Sources */,
				36D997A129E7C40900C98ADC /* TipsCategoriesTableCell.swift in Sources */,
				36EEFB9529E66A9500C00AD1 /* DokterKandunganTableCell.swift in Sources */,
				36DD245729E3AB31000A64E2 /* HomeModel.swift in Sources */,
				D23C7A4E29FE3AB600225256 /* ReviewTagTableCell.swift in Sources */,
				D23C7A6429FEB42D00225256 /* StarTableCell.swift in Sources */,
				D23C7A4C29FE198900225256 /* SpecializationTableCell.swift in Sources */,
				36EEFB8C29E64C8200C00AD1 /* CarouselColCell.swift in Sources */,
				36B271FF2A04AA5C00BCD70A /* RegisterViewController.swift in Sources */,
				36DD248629E3F847000A64E2 /* HomeViewModel.swift in Sources */,
				36B271F62A049B1800BCD70A /* LoginViewController.swift in Sources */,
				36B9B0D32A0614A80060F8C6 /* AlertManager.swift in Sources */,
				36DD248029E3F7C2000A64E2 /* AccountModel.swift in Sources */,
				36DD245B29E3BD85000A64E2 /* TabBar.swift in Sources */,
				36D997A429E7C43C00C98ADC /* TipsCategoriesColCell.swift in Sources */,
				36DD248229E3F7E4000A64E2 /* AccountViewModel.swift in Sources */,
				D23C7A3F29F5708600225256 /* DoctorCardColViewCell.swift in Sources */,
				36317E1D2A0502D600556203 /* LoginUserRequest.swift in Sources */,
				36EEFB9829E6735A00C00AD1 /* RoundCorners.swift in Sources */,
				36317E1A2A04FCAF00556203 /* RegisterUserRequest.swift in Sources */,
				D23C7A4929FE0D6B00225256 /* InfoDoctorTableCell.swift in Sources */,
				36DD245D29E3C0BA000A64E2 /* HomeViewController.swift in Sources */,
				36B271E12A025BF900BCD70A /* DoctorsModel.swift in Sources */,
				D23C7A5529FE52F900225256 /* ReviewTagColCell.swift in Sources */,
				36C6458329E5519A0028D074 /* BannerTableCell.swift in Sources */,
				36D9979A29E79CB900C98ADC /* TopTipsTableCell.swift in Sources */,
			);
			runOnlyForDeploymentPostprocessing = 0;
		};
/* End PBXSourcesBuildPhase section */

/* Begin PBXVariantGroup section */
		36DD243D29DE69C2000A64E2 /* Main.storyboard */ = {
			isa = PBXVariantGroup;
			children = (
				36DD243E29DE69C2000A64E2 /* Base */,
			);
			name = Main.storyboard;
			sourceTree = "<group>";
		};
		36DD244229DE69C4000A64E2 /* LaunchScreen.storyboard */ = {
			isa = PBXVariantGroup;
			children = (
				36DD244329DE69C4000A64E2 /* Base */,
			);
			name = LaunchScreen.storyboard;
			sourceTree = "<group>";
		};
/* End PBXVariantGroup section */

/* Begin XCBuildConfiguration section */
		36DD244629DE69C4000A64E2 /* Debug */ = {
			isa = XCBuildConfiguration;
			buildSettings = {
				ALWAYS_SEARCH_USER_PATHS = NO;
				CLANG_ANALYZER_NONNULL = YES;
				CLANG_ANALYZER_NUMBER_OBJECT_CONVERSION = YES_AGGRESSIVE;
				CLANG_CXX_LANGUAGE_STANDARD = "gnu++17";
				CLANG_ENABLE_MODULES = YES;
				CLANG_ENABLE_OBJC_ARC = YES;
				CLANG_ENABLE_OBJC_WEAK = YES;
				CLANG_WARN_BLOCK_CAPTURE_AUTORELEASING = YES;
				CLANG_WARN_BOOL_CONVERSION = YES;
				CLANG_WARN_COMMA = YES;
				CLANG_WARN_CONSTANT_CONVERSION = YES;
				CLANG_WARN_DEPRECATED_OBJC_IMPLEMENTATIONS = YES;
				CLANG_WARN_DIRECT_OBJC_ISA_USAGE = YES_ERROR;
				CLANG_WARN_DOCUMENTATION_COMMENTS = YES;
				CLANG_WARN_EMPTY_BODY = YES;
				CLANG_WARN_ENUM_CONVERSION = YES;
				CLANG_WARN_INFINITE_RECURSION = YES;
				CLANG_WARN_INT_CONVERSION = YES;
				CLANG_WARN_NON_LITERAL_NULL_CONVERSION = YES;
				CLANG_WARN_OBJC_IMPLICIT_RETAIN_SELF = YES;
				CLANG_WARN_OBJC_LITERAL_CONVERSION = YES;
				CLANG_WARN_OBJC_ROOT_CLASS = YES_ERROR;
				CLANG_WARN_QUOTED_INCLUDE_IN_FRAMEWORK_HEADER = YES;
				CLANG_WARN_RANGE_LOOP_ANALYSIS = YES;
				CLANG_WARN_STRICT_PROTOTYPES = YES;
				CLANG_WARN_SUSPICIOUS_MOVE = YES;
				CLANG_WARN_UNGUARDED_AVAILABILITY = YES_AGGRESSIVE;
				CLANG_WARN_UNREACHABLE_CODE = YES;
				CLANG_WARN__DUPLICATE_METHOD_MATCH = YES;
				COPY_PHASE_STRIP = NO;
				DEBUG_INFORMATION_FORMAT = dwarf;
				ENABLE_STRICT_OBJC_MSGSEND = YES;
				ENABLE_TESTABILITY = YES;
				GCC_C_LANGUAGE_STANDARD = gnu11;
				GCC_DYNAMIC_NO_PIC = NO;
				GCC_NO_COMMON_BLOCKS = YES;
				GCC_OPTIMIZATION_LEVEL = 0;
				GCC_PREPROCESSOR_DEFINITIONS = (
					"DEBUG=1",
					"$(inherited)",
				);
				GCC_WARN_64_TO_32_BIT_CONVERSION = YES;
				GCC_WARN_ABOUT_RETURN_TYPE = YES_ERROR;
				GCC_WARN_UNDECLARED_SELECTOR = YES;
				GCC_WARN_UNINITIALIZED_AUTOS = YES_AGGRESSIVE;
				GCC_WARN_UNUSED_FUNCTION = YES;
				GCC_WARN_UNUSED_VARIABLE = YES;
				IPHONEOS_DEPLOYMENT_TARGET = 15.5;
				MTL_ENABLE_DEBUG_INFO = INCLUDE_SOURCE;
				MTL_FAST_MATH = YES;
				ONLY_ACTIVE_ARCH = YES;
				SDKROOT = iphoneos;
				SWIFT_ACTIVE_COMPILATION_CONDITIONS = DEBUG;
				SWIFT_OPTIMIZATION_LEVEL = "-Onone";
			};
			name = Debug;
		};
		36DD244729DE69C4000A64E2 /* Release */ = {
			isa = XCBuildConfiguration;
			buildSettings = {
				ALWAYS_SEARCH_USER_PATHS = NO;
				CLANG_ANALYZER_NONNULL = YES;
				CLANG_ANALYZER_NUMBER_OBJECT_CONVERSION = YES_AGGRESSIVE;
				CLANG_CXX_LANGUAGE_STANDARD = "gnu++17";
				CLANG_ENABLE_MODULES = YES;
				CLANG_ENABLE_OBJC_ARC = YES;
				CLANG_ENABLE_OBJC_WEAK = YES;
				CLANG_WARN_BLOCK_CAPTURE_AUTORELEASING = YES;
				CLANG_WARN_BOOL_CONVERSION = YES;
				CLANG_WARN_COMMA = YES;
				CLANG_WARN_CONSTANT_CONVERSION = YES;
				CLANG_WARN_DEPRECATED_OBJC_IMPLEMENTATIONS = YES;
				CLANG_WARN_DIRECT_OBJC_ISA_USAGE = YES_ERROR;
				CLANG_WARN_DOCUMENTATION_COMMENTS = YES;
				CLANG_WARN_EMPTY_BODY = YES;
				CLANG_WARN_ENUM_CONVERSION = YES;
				CLANG_WARN_INFINITE_RECURSION = YES;
				CLANG_WARN_INT_CONVERSION = YES;
				CLANG_WARN_NON_LITERAL_NULL_CONVERSION = YES;
				CLANG_WARN_OBJC_IMPLICIT_RETAIN_SELF = YES;
				CLANG_WARN_OBJC_LITERAL_CONVERSION = YES;
				CLANG_WARN_OBJC_ROOT_CLASS = YES_ERROR;
				CLANG_WARN_QUOTED_INCLUDE_IN_FRAMEWORK_HEADER = YES;
				CLANG_WARN_RANGE_LOOP_ANALYSIS = YES;
				CLANG_WARN_STRICT_PROTOTYPES = YES;
				CLANG_WARN_SUSPICIOUS_MOVE = YES;
				CLANG_WARN_UNGUARDED_AVAILABILITY = YES_AGGRESSIVE;
				CLANG_WARN_UNREACHABLE_CODE = YES;
				CLANG_WARN__DUPLICATE_METHOD_MATCH = YES;
				COPY_PHASE_STRIP = NO;
				DEBUG_INFORMATION_FORMAT = "dwarf-with-dsym";
				ENABLE_NS_ASSERTIONS = NO;
				ENABLE_STRICT_OBJC_MSGSEND = YES;
				GCC_C_LANGUAGE_STANDARD = gnu11;
				GCC_NO_COMMON_BLOCKS = YES;
				GCC_WARN_64_TO_32_BIT_CONVERSION = YES;
				GCC_WARN_ABOUT_RETURN_TYPE = YES_ERROR;
				GCC_WARN_UNDECLARED_SELECTOR = YES;
				GCC_WARN_UNINITIALIZED_AUTOS = YES_AGGRESSIVE;
				GCC_WARN_UNUSED_FUNCTION = YES;
				GCC_WARN_UNUSED_VARIABLE = YES;
				IPHONEOS_DEPLOYMENT_TARGET = 15.5;
				MTL_ENABLE_DEBUG_INFO = NO;
				MTL_FAST_MATH = YES;
				SDKROOT = iphoneos;
				SWIFT_COMPILATION_MODE = wholemodule;
				SWIFT_OPTIMIZATION_LEVEL = "-O";
				VALIDATE_PRODUCT = YES;
			};
			name = Release;
		};
		36DD244929DE69C4000A64E2 /* Debug */ = {
			isa = XCBuildConfiguration;
			buildSettings = {
				ASSETCATALOG_COMPILER_APPICON_NAME = AppIcon;
				ASSETCATALOG_COMPILER_GLOBAL_ACCENT_COLOR_NAME = AccentColor;
				CODE_SIGN_STYLE = Automatic;
				CURRENT_PROJECT_VERSION = 1;
				GENERATE_INFOPLIST_FILE = YES;
				INFOPLIST_FILE = "iOSBootcamp-Final-Project/Info.plist";
				INFOPLIST_KEY_CFBundleDisplayName = "Good Doctor";
				INFOPLIST_KEY_UIApplicationSupportsIndirectInputEvents = YES;
				INFOPLIST_KEY_UILaunchStoryboardName = LaunchScreen;
				INFOPLIST_KEY_UIMainStoryboardFile = Main;
				INFOPLIST_KEY_UISupportedInterfaceOrientations_iPad = "UIInterfaceOrientationPortrait UIInterfaceOrientationPortraitUpsideDown UIInterfaceOrientationLandscapeLeft UIInterfaceOrientationLandscapeRight";
				INFOPLIST_KEY_UISupportedInterfaceOrientations_iPhone = "UIInterfaceOrientationPortrait UIInterfaceOrientationLandscapeLeft UIInterfaceOrientationLandscapeRight";
				IPHONEOS_DEPLOYMENT_TARGET = 13.0;
				LD_RUNPATH_SEARCH_PATHS = (
					"$(inherited)",
					"@executable_path/Frameworks",
				);
				MARKETING_VERSION = 1.0;
				PRODUCT_BUNDLE_IDENTIFIER = "plearn.iOSBootcamp-Final-Project";
				PRODUCT_NAME = "$(TARGET_NAME)";
				SWIFT_EMIT_LOC_STRINGS = YES;
				SWIFT_VERSION = 5.0;
				TARGETED_DEVICE_FAMILY = "1,2";
			};
			name = Debug;
		};
		36DD244A29DE69C4000A64E2 /* Release */ = {
			isa = XCBuildConfiguration;
			buildSettings = {
				ASSETCATALOG_COMPILER_APPICON_NAME = AppIcon;
				ASSETCATALOG_COMPILER_GLOBAL_ACCENT_COLOR_NAME = AccentColor;
				CODE_SIGN_STYLE = Automatic;
				CURRENT_PROJECT_VERSION = 1;
				GENERATE_INFOPLIST_FILE = YES;
				INFOPLIST_FILE = "iOSBootcamp-Final-Project/Info.plist";
				INFOPLIST_KEY_CFBundleDisplayName = "Good Doctor";
				INFOPLIST_KEY_UIApplicationSupportsIndirectInputEvents = YES;
				INFOPLIST_KEY_UILaunchStoryboardName = LaunchScreen;
				INFOPLIST_KEY_UIMainStoryboardFile = Main;
				INFOPLIST_KEY_UISupportedInterfaceOrientations_iPad = "UIInterfaceOrientationPortrait UIInterfaceOrientationPortraitUpsideDown UIInterfaceOrientationLandscapeLeft UIInterfaceOrientationLandscapeRight";
				INFOPLIST_KEY_UISupportedInterfaceOrientations_iPhone = "UIInterfaceOrientationPortrait UIInterfaceOrientationLandscapeLeft UIInterfaceOrientationLandscapeRight";
				IPHONEOS_DEPLOYMENT_TARGET = 13.0;
				LD_RUNPATH_SEARCH_PATHS = (
					"$(inherited)",
					"@executable_path/Frameworks",
				);
				MARKETING_VERSION = 1.0;
				PRODUCT_BUNDLE_IDENTIFIER = "plearn.iOSBootcamp-Final-Project";
				PRODUCT_NAME = "$(TARGET_NAME)";
				SWIFT_EMIT_LOC_STRINGS = YES;
				SWIFT_VERSION = 5.0;
				TARGETED_DEVICE_FAMILY = "1,2";
			};
			name = Release;
		};
/* End XCBuildConfiguration section */

/* Begin XCConfigurationList section */
		36DD242F29DE69C2000A64E2 /* Build configuration list for PBXProject "iOSBootcamp-Final-Project" */ = {
			isa = XCConfigurationList;
			buildConfigurations = (
				36DD244629DE69C4000A64E2 /* Debug */,
				36DD244729DE69C4000A64E2 /* Release */,
			);
			defaultConfigurationIsVisible = 0;
			defaultConfigurationName = Release;
		};
		36DD244829DE69C4000A64E2 /* Build configuration list for PBXNativeTarget "iOSBootcamp-Final-Project" */ = {
			isa = XCConfigurationList;
			buildConfigurations = (
				36DD244929DE69C4000A64E2 /* Debug */,
				36DD244A29DE69C4000A64E2 /* Release */,
			);
			defaultConfigurationIsVisible = 0;
			defaultConfigurationName = Release;
		};
/* End XCConfigurationList section */

/* Begin XCRemoteSwiftPackageReference section */
		36317E0F2A04F3A900556203 /* XCRemoteSwiftPackageReference "firebase-ios-sdk" */ = {
			isa = XCRemoteSwiftPackageReference;
			repositoryURL = "https://github.com/firebase/firebase-ios-sdk";
			requirement = {
				branch = master;
				kind = branch;
			};
		};
		36B271EA2A03540600BCD70A /* XCRemoteSwiftPackageReference "SDWebImage" */ = {
			isa = XCRemoteSwiftPackageReference;
			repositoryURL = "https://github.com/SDWebImage/SDWebImage.git";
			requirement = {
				branch = master;
				kind = branch;
			};
		};
/* End XCRemoteSwiftPackageReference section */

/* Begin XCSwiftPackageProductDependency section */
		36317E102A04F3A900556203 /* FirebaseAuth */ = {
			isa = XCSwiftPackageProductDependency;
			package = 36317E0F2A04F3A900556203 /* XCRemoteSwiftPackageReference "firebase-ios-sdk" */;
			productName = FirebaseAuth;
		};
		36317E122A04F3A900556203 /* FirebaseFirestore */ = {
			isa = XCSwiftPackageProductDependency;
			package = 36317E0F2A04F3A900556203 /* XCRemoteSwiftPackageReference "firebase-ios-sdk" */;
			productName = FirebaseFirestore;
		};
		36317E142A04F3A900556203 /* FirebaseStorage */ = {
			isa = XCSwiftPackageProductDependency;
			package = 36317E0F2A04F3A900556203 /* XCRemoteSwiftPackageReference "firebase-ios-sdk" */;
			productName = FirebaseStorage;
		};
		36B271EB2A03540600BCD70A /* SDWebImage */ = {
			isa = XCSwiftPackageProductDependency;
			package = 36B271EA2A03540600BCD70A /* XCRemoteSwiftPackageReference "SDWebImage" */;
			productName = SDWebImage;
		};
/* End XCSwiftPackageProductDependency section */
	};
	rootObject = 36DD242C29DE69C2000A64E2 /* Project object */;
}
